{
    "_meta": {
        "hash": {
            "sha256": "170306caa5c31b9465e8fee9db74c7f992e099ef4eff0f8db57d8cbcd550b884"
        },
        "pipfile-spec": 6,
        "requires": {
            "python_version": "3.13"
        },
        "sources": [
            {
                "name": "pypi",
                "url": "https://pypi.org/simple",
                "verify_ssl": true
            }
        ]
    },
    "default": {
        "click": {
            "hashes": [
                "sha256:ae74fb96c20a0277a1d615f1e4d73c8414f5a98db8b799a7931d1582f3390c28",
                "sha256:ca9853ad459e787e2192211578cc907e7594e294c7ccc834310722b41b9ca6de"
            ],
            "index": "pypi",
            "markers": "python_version >= '3.7'",
            "version": "==8.1.7"
        },
        "markdown-it-py": {
            "hashes": [
                "sha256:87327c59b172c5011896038353a81343b6754500a08cd7a4973bb48c6d578147",
                "sha256:cb0a2b4aa34f932c007117b194e945bd74e0ec24133ceb5bac59009cda1cb9f3"
            ],
            "markers": "python_version >= '3.10'",
            "version": "==4.0.0"
        },
        "mdurl": {
            "hashes": [
                "sha256:84008a41e51615a49fc9966191ff91509e3c40b939176e643fd50a5c2196b8f8",
                "sha256:bb413d29f5eea38f31dd4754dd7377d4465116fb207585f97bf925588687c1ba"
            ],
            "markers": "python_version >= '3.7'",
            "version": "==0.1.2"
        },
        "pygments": {
            "hashes": [
                "sha256:636cb2477cec7f8952536970bc533bc43743542f70392ae026374600add5b887",
                "sha256:86540386c03d588bb81d44bc3928634ff26449851e99741617ecb9037ee5ec0b"
            ],
            "markers": "python_version >= '3.8'",
            "version": "==2.19.2"
        },
        "rich": {
            "hashes": [
                "sha256:5cb5123b5cf9ee70584244246816e9114227e0b98ad9176eede6ad54bf5403fa",
                "sha256:6da14c108c4866ee9520bbffa71f6fe3962e193b7da68720583850cd4548e235"
            ],
            "index": "pypi",
            "markers": "python_full_version >= '3.7.0'",
            "version": "==13.7.0"
        },
        "shellingham": {
            "hashes": [
                "sha256:7ecfff8f2fd72616f7481040475a65b2bf8af90a56c89140852d1120324e8686",
                "sha256:8dbca0739d487e5bd35ab3ca4b36e11c4078f3a234bfce294b0a0291363404de"
            ],
            "markers": "python_version >= '3.7'",
            "version": "==1.5.4"
        },
        "typer": {
            "hashes": [
                "sha256:90ee01cb02d9b8395ae21ee3368421faf21fa138cb2a541ed369c08cec5237c9",
                "sha256:d358c65a464a7a90f338e3bb7ff0c74ac081449e53884b12ba658cbd72990614"
            ],
            "index": "pypi",
            "markers": "python_version >= '3.7'",
            "version": "==0.16.1"
        },
        "typing-extensions": {
            "hashes": [
                "sha256:38b39f4aeeab64884ce9f74c94263ef78f3c22467c8724005483154c26648d36",
                "sha256:d1e1e3b58374dc93031d6eda2420a48ea44a36c2b4766a4fdeb3710755731d76"
            ],
            "markers": "python_version >= '3.9'",
            "version": "==4.14.1"
        }
    },
    "develop": {
        "attrs": {
            "hashes": [
                "sha256:427318ce031701fea540783410126f03899a97ffc6f61596ad581ac2e40e3bc3",
                "sha256:75d7cefc7fb576747b2c81b4442d4d4a1ce0900973527c011d1030fd3bf4af1b"
            ],
            "markers": "python_version >= '3.8'",
            "version": "==25.3.0"
        },
        "black": {
            "hashes": [
                "sha256:0808494f2b2df923ffc5723ed3c7b096bd76341f6213989759287611e9837d50",
                "sha256:1fa88a0f74e50e4487477bc0bb900c6781dbddfdfa32691e780bf854c3b4a47f",
                "sha256:25e57fd232a6d6ff3f4478a6fd0580838e47c93c83eaf1ccc92d4faf27112c4e",
                "sha256:2d9e13db441c509a3763a7a3d9a49ccc1b4e974a47be4e08ade2a228876500ec",
                "sha256:3e1b38b3135fd4c025c28c55ddfc236b05af657828a8a6abe5deec419a0b7055",
                "sha256:3fa4be75ef2a6b96ea8d92b1587dd8cb3a35c7e3d51f0738ced0781c3aa3a5a3",
                "sha256:4ce3ef14ebe8d9509188014d96af1c456a910d5b5cbf434a09fef7e024b3d0d5",
                "sha256:4f0031eaa7b921db76decd73636ef3a12c942ed367d8c3841a0739412b260a54",
                "sha256:602cfb1196dc692424c70b6507593a2b29aac0547c1be9a1d1365f0d964c353b",
                "sha256:6d1bd9c210f8b109b1762ec9fd36592fdd528485aadb3f5849b2740ef17e674e",
                "sha256:78baad24af0f033958cad29731e27363183e140962595def56423e626f4bee3e",
                "sha256:8d4df77958a622f9b5a4c96edb4b8c0034f8434032ab11077ec6c56ae9f384ba",
                "sha256:97e56155c6b737854e60a9ab1c598ff2533d57e7506d97af5481141671abf3ea",
                "sha256:9c4352800f14be5b4864016882cdba10755bd50805c95f728011bcb47a4afd59",
                "sha256:a4d6a9668e45ad99d2f8ec70d5c8c04ef4f32f648ef39048d010b0689832ec6d",
                "sha256:a920b569dc6b3472513ba6ddea21f440d4b4c699494d2e972a1753cdc25df7b0",
                "sha256:ae76c22bde5cbb6bfd211ec343ded2163bba7883c7bc77f6b756a1049436fbb9",
                "sha256:b18fb2ae6c4bb63eebe5be6bd869ba2f14fd0259bda7d18a46b764d8fb86298a",
                "sha256:c04b6d9d20e9c13f43eee8ea87d44156b8505ca8a3c878773f68b4e4812a421e",
                "sha256:c88b3711d12905b74206227109272673edce0cb29f27e1385f33b0163c414bba",
                "sha256:dd15245c8b68fe2b6bd0f32c1556509d11bb33aec9b5d0866dd8e2ed3dba09c2",
                "sha256:e0aaf6041986767a5e0ce663c7a2f0e9eaf21e6ff87a5f95cbf3675bfd4c41d2"
            ],
            "index": "pypi",
            "markers": "python_version >= '3.8'",
            "version": "==23.12.1"
        },
        "cfgv": {
            "hashes": [
                "sha256:b7265b1f29fd3316bfcd2b330d63d024f2bfd8bcb8b0272f8e19a504856c48f9",
                "sha256:e52591d4c5f5dead8e0f673fb16db7949d2cfb3f7da4582893288f0ded8fe560"
            ],
            "markers": "python_version >= '3.8'",
            "version": "==3.4.0"
        },
        "click": {
            "hashes": [
                "sha256:ae74fb96c20a0277a1d615f1e4d73c8414f5a98db8b799a7931d1582f3390c28",
                "sha256:ca9853ad459e787e2192211578cc907e7594e294c7ccc834310722b41b9ca6de"
            ],
            "index": "pypi",
            "markers": "python_version >= '3.7'",
            "version": "==8.1.7"
        },
        "coverage": {
            "extras": [
                "toml"
            ],
            "hashes": [
                "sha256:01a852f0a9859734b018a3f483cc962d0b381d48d350b1a0c47d618c73a0c398",
                "sha256:051c7c9e765f003c2ff6e8c81ccea28a70fb5b0142671e4e3ede7cebd45c80af",
                "sha256:05d5f98ec893d4a2abc8bc5f046f2f4367404e7e5d5d18b83de8fde1093ebc4f",
                "sha256:065d75447228d05121e5c938ca8f0e91eed60a1eb2d1258d42d5084fecfc3302",
                "sha256:0a09b13695166236e171ec1627ff8434b9a9bae47528d0ba9d944c912d33b3d2",
                "sha256:0a5f2ab6e451d4b07855d8bcf063adf11e199bff421a4ba57f5bb95b7444ca62",
                "sha256:0ab7765f10ae1df7e7fe37de9e64b5a269b812ee22e2da3f84f97b1c7732a0d8",
                "sha256:0acf0c62a6095f07e9db4ec365cc58c0ef5babb757e54745a1aa2ea2a2564af1",
                "sha256:0b485ca21e16a76f68060911f97ebbe3e0d891da1dbbce6af7ca1ab3f98b9097",
                "sha256:0c079027e50c2ae44da51c2e294596cbc9dbb58f7ca45b30651c7e411060fc23",
                "sha256:1a647b152f10be08fb771ae4a1421dbff66141e3d8ab27d543b5eb9ea5af8e52",
                "sha256:2178d4183bd1ba608f0bb12e71e55838ba1b7dbb730264f8b08de9f8ef0c27d0",
                "sha256:2221a823404bb941c7721cf0ef55ac6ee5c25d905beb60c0bba5e5e85415d353",
                "sha256:225111dd06759ba4e37cee4c0b4f3df2b15c879e9e3c37bf986389300b9917c3",
                "sha256:25735c299439018d66eb2dccf54f625aceb78645687a05f9f848f6e6c751e169",
                "sha256:25f5130af6c8e7297fd14634955ba9e1697f47143f289e2a23284177c0061d27",
                "sha256:26de58f355626628a21fe6a70e1e1fad95702dafebfb0685280962ae1449f17b",
                "sha256:2b8e1d2015d5dfdbf964ecef12944c0c8c55b885bb5c0467ae8ef55e0e151233",
                "sha256:3387739d72c84d17b4d2f7348749cac2e6700e7152026912b60998ee9a40066b",
                "sha256:3749aa72b93ce516f77cf5034d8e3c0dfd45c6e8a163a602ede2dc5f9a0bb927",
                "sha256:3a6c35c5b70f569ee38dc3350cd14fdd0347a8b389a18bb37538cc43e6f730e6",
                "sha256:3ddd912c2fc440f0fb3229e764feec85669d5d80a988ff1b336a27d73f63c818",
                "sha256:3f111ff20d9a6348e0125be892608e33408dd268f73b020940dfa8511ad05503",
                "sha256:4456a039fdc1a89ea60823d0330f1ac6f97b0dbe9e2b6fb4873e889584b085fb",
                "sha256:44ac3f21a6e28c5ff7f7a47bca5f87885f6a1e623e637899125ba47acd87334d",
                "sha256:480442727f464407d8ade6e677b7f21f3b96a9838ab541b9a28ce9e44123c14e",
                "sha256:48fd4d52600c2a9d5622e52dfae674a7845c5e1dceaf68b88c99feb511fbcfd6",
                "sha256:4b0d114616f0fccb529a1817457d5fb52a10e106f86c5fb3b0bd0d45d0d69b93",
                "sha256:52073d4b08d2cb571234c8a71eb32af3c6923149cf644a51d5957ac128cf6aa4",
                "sha256:536cbe6b118a4df231b11af3e0f974a72a095182ff8ec5f4868c931e8043ef3e",
                "sha256:56217b470d09d69e6b7dcae38200f95e389a77db801cb129101697a4553b18b6",
                "sha256:5af4829904dda6aabb54a23879f0f4412094ba9ef153aaa464e3c1b1c9bc98e6",
                "sha256:5c9e75dfdc0167d5675e9804f04a56b2cf47fb83a524654297000b578b8adcb7",
                "sha256:67e8885408f8325198862bc487038a4980c9277d753cb8812510927f2176437a",
                "sha256:685b67d99b945b0c221be0780c336b303a7753b3e0ec0d618c795aada25d5e7a",
                "sha256:6c1d098ccfe8e1e0a1ed9a0249138899948afd2978cbf48eb1cc3fcd38469690",
                "sha256:6e73933e296634e520390c44758d553d3b573b321608118363e52113790633b9",
                "sha256:6eaa61ff6724ca7ebc5326d1fae062d85e19b38dd922d50903702e6078370ae7",
                "sha256:6f3a3496c0fa26bfac4ebc458747b778cff201c8ae94fa05e1391bab0dbc473c",
                "sha256:702978108876bfb3d997604930b05fe769462cc3000150b0e607b7b444f2fd84",
                "sha256:715c06cb5eceac4d9b7cdf783ce04aa495f6aff657543fea75c30215b28ddb74",
                "sha256:7202da14dc0236884fcc45665ffb2d79d4991a53fbdf152ab22f69f70923cc22",
                "sha256:73a0d1aaaa3796179f336448e1576a3de6fc95ff4f07c2d7251d4caf5d18cf8d",
                "sha256:7bba5ed85e034831fac761ae506c0644d24fd5594727e174b5a73aff343a7508",
                "sha256:7c155fc0f9cee8c9803ea0ad153ab6a3b956baa5d4cd993405dc0b45b2a0b9e0",
                "sha256:802793ba397afcfdbe9f91f89d65ae88b958d95edc8caf948e1f47d8b6b2b606",
                "sha256:822c4c830989c2093527e92acd97be4638a44eb042b1bdc0e7a278d84a070bd3",
                "sha256:8630f8af2ca84b5c367c3df907b1706621abe06d6929f5045fd628968d421e6e",
                "sha256:873da6d0ed6b3ffc0bc01f2c7e3ad7e2023751c0d8d86c26fe7322c314b031dc",
                "sha256:8a538944ee3a42265e61c7298aeba9ea43f31c01271cf028f437a7b4075592cf",
                "sha256:8c5dab29fc8070b3766b5fc85f8d89b19634584429a2da6d42da5edfadaf32ae",
                "sha256:9267efd28f8994b750d171e58e481e3bbd69e44baed540e4c789f8e368b24b88",
                "sha256:92c29eff894832b6a40da1789b1f252305af921750b03ee4535919db9179453d",
                "sha256:93d175fe81913aee7a6ea430abbdf2a79f1d9fd451610e12e334e4fe3264f563",
                "sha256:9744954bfd387796c6a091b50d55ca7cac3d08767795b5eec69ad0f7dbf12d38",
                "sha256:9a4c0d84134797b7bf3f080599d0cd501471f6c98b715405166860d79cfaa97e",
                "sha256:a1f0264abcabd4853d4cb9b3d164adbf1565da7dab1da1669e93f3ea60162d79",
                "sha256:a59fe0af7dd7211ba595cf7e2867458381f7e5d7b4cffe46274e0b2f5b9f4eb4",
                "sha256:a89afecec1ed12ac13ed203238b560cbfad3522bae37d91c102e690b8b1dc46c",
                "sha256:a89bf193707f4a17f1ed461504031074d87f035153239f16ce86dfb8f8c7ac76",
                "sha256:acb7baf49f513554c4af6ef8e2bd6e8ac74e6ea0c7386df8b3eb586d82ccccc4",
                "sha256:ada418633ae24ec8d0fcad5efe6fc7aa3c62497c6ed86589e57844ad04365674",
                "sha256:b09b9e4e1de0d406ca9f19a371c2beefe3193b542f64a6dd40cfcf435b7d6aa0",
                "sha256:b828e33eca6c3322adda3b5884456f98c435182a44917ded05005adfa1415500",
                "sha256:ba62c51a72048bb1ea72db265e6bd8beaabf9809cd2125bbb5306c6ce105f214",
                "sha256:bad180cc40b3fccb0f0e8c702d781492654ac2580d468e3ffc8065e38c6c2408",
                "sha256:be04507ff1ad206f4be3d156a674e3fb84bbb751ea1b23b142979ac9eebaa15f",
                "sha256:becbdcd14f685fada010a5f792bf0895675ecf7481304fe159f0cd3f289550bd",
                "sha256:c2bfbd2a9f7e68a21c5bd191be94bfdb2691ac40d325bac9ef3ae45ff5c753d9",
                "sha256:c6446c75b0e7dda5daa876a1c87b480b2b52affb972fedd6c22edf1aaf2e00ec",
                "sha256:c751261bfe6481caba15ec005a194cb60aad06f29235a74c24f18546d8377df0",
                "sha256:d0b23512338c54101d3bf7a1ab107d9d75abda1d5f69bc0887fd079253e4c27e",
                "sha256:d57d555b0719834b55ad35045de6cc80fc2b28e05adb6b03c98479f9553b387f",
                "sha256:d92d6edb0ccafd20c6fbf9891ca720b39c2a6a4b4a6f9cf323ca2c986f33e475",
                "sha256:df0ac2ccfd19351411c45e43ab60932b74472e4648b0a9edf6a3b58846e246a9",
                "sha256:e017ac69fac9aacd7df6dc464c05833e834dc5b00c914d7af9a5249fcccf07ef",
                "sha256:e1033bf0f763f5cf49ffe6594314b11027dcc1073ac590b415ea93463466deec",
                "sha256:e24afb178f21f9ceb1aefbc73eb524769aa9b504a42b26857243f881af56880c",
                "sha256:e694d855dac2e7cf194ba33653e4ba7aad7267a802a7b3fc4347d0517d5d65cd",
                "sha256:e8f978e8c5521d9c8f2086ac60d931d583fab0a16f382f6eb89453fe998e2484",
                "sha256:ec113277f2b5cf188d95fb66a65c7431f2b9192ee7e6ec9b72b30bbfb53c244a",
                "sha256:efcc54b38ef7d5bfa98050f220b415bc5bb3d432bd6350a861cf6da0ede2cdcd",
                "sha256:f36b7dcf72d06a8c5e2dd3aca02be2b1b5db5f86404627dff834396efce958f2",
                "sha256:f3e3ff3f69d02b5dad67a6eac68cc9c71ae343b6328aae96e914f9f2f23a22e2",
                "sha256:f68835d31c421736be367d32f179e14ca932978293fe1b4c7a6a49b555dff5b2",
                "sha256:fce316c367a1dc2c411821365592eeb335ff1781956d87a0410eae248188ba51",
                "sha256:fd2e6002be1c62476eb862b8514b1ba7e7684c50165f2a8d389e77da6c9a2ebd",
                "sha256:fecb97b3a52fa9bcd5a7375e72fae209088faf671d39fae67261f37772d5559a"
            ],
            "markers": "python_version >= '3.9'",
            "version": "==7.10.4"
        },
        "distlib": {
            "hashes": [
                "sha256:9659f7d87e46584a30b5780e43ac7a2143098441670ff0a49d5f9034c54a6c16",
                "sha256:feec40075be03a04501a973d81f633735b4b69f98b05450592310c0f401a4e0d"
            ],
            "version": "==0.4.0"
        },
        "filelock": {
            "hashes": [
                "sha256:66eda1888b0171c998b35be2bcc0f6d75c388a7ce20c3f3f37aa8e96c2dddf58",
                "sha256:d38e30481def20772f5baf097c122c3babc4fcdb7e14e57049eb9d88c6dc017d"
            ],
            "markers": "python_version >= '3.9'",
            "version": "==3.19.1"
        },
        "flake8": {
            "hashes": [
                "sha256:d5b3857f07c030bdb5bf41c7f53799571d75c4491748a3adcd47de929e34cd23",
                "sha256:ffdfce58ea94c6580c77888a86506937f9a1a227dfcd15f245d694ae20a6b6e5"
            ],
            "index": "pypi",
            "markers": "python_full_version >= '3.8.1'",
            "version": "==6.1.0"
        },
        "flake8-bugbear": {
            "hashes": [
                "sha256:32b2903e22331ae04885dae25756a32a8c666c85142e933f43512a70f342052a",
                "sha256:83324bad4d90fee4bf64dd69c61aff94debf8073fbd807c8b6a36eec7a2f0719"
            ],
            "index": "pypi",
            "markers": "python_full_version >= '3.8.1'",
            "version": "==23.12.2"
        },
        "identify": {
            "hashes": [
                "sha256:60381139b3ae39447482ecc406944190f690d4a2997f2584062089848361b33b",
                "sha256:da8d6c828e773620e13bfa86ea601c5a5310ba4bcd65edf378198b56a1f9fb32"
            ],
            "markers": "python_version >= '3.9'",
            "version": "==2.6.13"
        },
        "iniconfig": {
            "hashes": [
                "sha256:3abbd2e30b36733fee78f9c7f7308f2d0050e88f0087fd25c2645f63c773e1c7",
                "sha256:9deba5723312380e77435581c6bf4935c94cbfab9b1ed33ef8d238ea168eb760"
            ],
            "markers": "python_version >= '3.8'",
            "version": "==2.1.0"
        },
        "isort": {
            "hashes": [
                "sha256:48fdfcb9face5d58a4f6dde2e72a1fb8dcaf8ab26f95ab49fab84c2ddefb0109",
                "sha256:8ca5e72a8d85860d5a3fa69b8745237f2939afe12dbf656afbcb47fe72d947a6"
            ],
            "index": "pypi",
            "markers": "python_full_version >= '3.8.0'",
            "version": "==5.13.2"
        },
        "mccabe": {
            "hashes": [
                "sha256:348e0240c33b60bbdf4e523192ef919f28cb2c3d7d5c7794f74009290f236325",
                "sha256:6c2d30ab6be0e4a46919781807b4f0d834ebdd6c6e3dca0bda5a15f863427b6e"
            ],
            "markers": "python_version >= '3.6'",
            "version": "==0.7.0"
        },
        "mypy": {
            "hashes": [
                "sha256:03b6d0ed2b188e35ee6d5c36b5580cffd6da23319991c49ab5556c023ccf1341",
                "sha256:064e2ff508e5464b4bd807a7c1625bc5047c5022b85c70f030680e18f37273a5",
                "sha256:099b9a5da47de9e2cb5165e581f158e854d9e19d2e96b6698c0d64de911dd849",
                "sha256:15a83369400454c41ed3a118e0cc58bd8123921a602f385cb6d6ea5df050c733",
                "sha256:15d54056f7fe7a826d897789f53dd6377ec2ea8ba6f776dc83c2902b899fee81",
                "sha256:1b16708a66d38abb1e6b5702f5c2c87e133289da36f6a1d15f6a5221085c6403",
                "sha256:209a58fed9987eccc20f2ca94afe7257a8f46eb5df1fb69958650973230f91e6",
                "sha256:25e01ec741ab5bb3eec8ba9cdb0f769230368a22c959c4937360efb89b7e9f01",
                "sha256:397fba5d7616a5bc60b45c7ed204717eaddc38f826e3645402c426057ead9a91",
                "sha256:3fbe6d5555bf608c47203baa3e72dbc6ec9965b3d7c318aa9a4ca76f465bd972",
                "sha256:43808d9476c36b927fbcd0b0255ce75efe1b68a080154a38ae68a7e62de8f0f8",
                "sha256:55b918670f692fc9fba55c3298d8a3beae295c5cded0a55dccdc5bbead814acd",
                "sha256:5d1092694f166a7e56c805caaf794e0585cabdbf1df36911c414e4e9abb62ae9",
                "sha256:62761474061feef6f720149d7ba876122007ddc64adff5ba6f374fda35a018a0",
                "sha256:665afab0963a4b39dff7c1fa563cc8b11ecff7910206db4b2e64dd1ba25aed19",
                "sha256:69e83ea6553a3ba79c08c6e15dbd9bfa912ec1e493bf75489ef93beb65209aeb",
                "sha256:70401bbabd2fa1aa7c43bb358f54037baf0586f41e83b0ae67dd0534fc64edfd",
                "sha256:79d44f9bfb004941ebb0abe8eff6504223a9c1ac51ef967d1263c6572bbebc99",
                "sha256:80ef5c058b7bce08c83cac668158cb7edea692e458d21098c7d3bce35a5d43e7",
                "sha256:89e972c0035e9e05823907ad5398c5a73b9f47a002b22359b177d40bdaee7056",
                "sha256:93378d3203a5c0800c6b6d850ad2f19f7a3cdf1a3701d3416dbf128805c6a6a7",
                "sha256:9a2b7d9180aed171f033c9f2fc6c204c1245cf60b0cb61cf2e7acc24eea78e0a",
                "sha256:9d6b20b97d373f41617bd0708fd46aa656059af57f2ef72aa8c7d6a2b73b74ed",
                "sha256:a76906f26bd8d51ea9504966a9c25419f2e668f012e0bdf3da4ea1526c534d94",
                "sha256:a9f52c0351c21fe24c21d8c0eb1f62967b262d6729393397b6f443c3b773c3b9",
                "sha256:ad37544be07c5d7fba814eb370e006df58fed8ad1ef33ed1649cb1889ba6ff58",
                "sha256:b01586eed696ec905e61bd2568f48740f7ac4a45b3a468e6423a03d3788a51a8",
                "sha256:c1fdf4abb29ed1cb091cf432979e162c208a5ac676ce35010373ff29247bcad5",
                "sha256:c49562d3d908fd49ed0938e5423daed8d407774a479b595b143a3d7f87cdae6a",
                "sha256:c4a580f8a70c69e4a75587bd925d298434057fe2a428faaf927ffe6e4b9a98df",
                "sha256:c837b896b37cd103570d776bda106eabb8737aa6dd4f248451aecf53030cdbeb",
                "sha256:d7598cf74c3e16539d4e2f0b8d8c318e00041553d83d4861f87c7a72e95ac24d",
                "sha256:dd86bb649299f09d987a2eebb4d52d10603224500792e1bee18303bbcc1ce390",
                "sha256:e79311f2d904ccb59787477b7bd5d26f3347789c06fcd7656fa500875290264b",
                "sha256:e92bdc656b7757c438660f775f872a669b8ff374edc4d18277d86b63edba6b8b",
                "sha256:fa6ffadfbe6994d724c5a1bb6123a7d27dd68fc9c059561cd33b664a79578e14",
                "sha256:feb8cc32d319edd5859da2cc084493b3e2ce5e49a946377663cc90f6c15fb259",
                "sha256:ff2933428516ab63f961644bc49bc4cbe42bbffb2cd3b71cc7277c07d16b1a8b"
            ],
            "index": "pypi",
            "markers": "python_version >= '3.9'",
            "version": "==1.17.1"
        },
        "mypy-extensions": {
            "hashes": [
                "sha256:1be4cccdb0f2482337c4743e60421de3a356cd97508abadd57d47403e94f5505",
                "sha256:52e68efc3284861e772bbcd66823fde5ae21fd2fdb51c62a211403730b916558"
            ],
            "markers": "python_version >= '3.8'",
            "version": "==1.1.0"
        },
        "nodeenv": {
            "hashes": [
                "sha256:6ec12890a2dab7946721edbfbcd91f3319c6ccc9aec47be7c7e6b7011ee6645f",
                "sha256:ba11c9782d29c27c70ffbdda2d7415098754709be8a7056d79a737cd901155c9"
            ],
            "markers": "python_version >= '2.7' and python_version not in '3.0, 3.1, 3.2, 3.3, 3.4, 3.5, 3.6'",
            "version": "==1.9.1"
        },
        "packaging": {
            "hashes": [
                "sha256:29572ef2b1f17581046b3a2227d5c611fb25ec70ca1ba8554b24b0e69331a484",
                "sha256:d443872c98d677bf60f6a1f2f8c1cb748e8fe762d2bf9d3148b5599295b0fc4f"
            ],
            "markers": "python_version >= '3.8'",
            "version": "==25.0"
        },
        "pathspec": {
            "hashes": [
                "sha256:a0d503e138a4c123b27490a4f7beda6a01c6f288df0e4a8b79c7eb0dc7b4cc08",
                "sha256:a482d51503a1ab33b1c67a6c3813a26953dbdc71c31dacaef9a838c4e29f5712"
            ],
            "markers": "python_version >= '3.8'",
            "version": "==0.12.1"
        },
        "platformdirs": {
            "hashes": [
                "sha256:3d512d96e16bcb959a814c9f348431070822a6496326a4be0911c40b5a74c2bc",
                "sha256:ff7059bb7eb1179e2685604f4aaf157cfd9535242bd23742eadc3c13542139b4"
            ],
            "markers": "python_version >= '3.9'",
            "version": "==4.3.8"
        },
        "pluggy": {
            "hashes": [
                "sha256:7dcc130b76258d33b90f61b658791dede3486c3e6bfb003ee5c9bfb396dd22f3",
                "sha256:e920276dd6813095e9377c0bc5566d94c932c33b27a3e3945d8389c374dd4746"
            ],
            "markers": "python_version >= '3.9'",
            "version": "==1.6.0"
        },
        "pre-commit": {
            "hashes": [
                "sha256:8bb6494d4a20423842e198980c9ecf9f96607a07ea29549e180eef9ae80fe7af",
                "sha256:9a90a53bf82fdd8778d58085faf8d83df56e40dfe18f45b19446e26bf1b3a63f"
            ],
            "index": "pypi",
            "markers": "python_version >= '3.9'",
            "version": "==3.8.0"
        },
        "pycodestyle": {
            "hashes": [
                "sha256:41ba0e7afc9752dfb53ced5489e89f8186be00e599e712660695b7a75ff2663f",
                "sha256:44fe31000b2d866f2e41841b18528a505fbd7fef9017b04eff4e2648a0fadc67"
            ],
            "markers": "python_version >= '3.8'",
            "version": "==2.11.1"
        },
        "pyflakes": {
            "hashes": [
                "sha256:4132f6d49cb4dae6819e5379898f2b8cce3c5f23994194c24b77d5da2e36f774",
                "sha256:a0aae034c444db0071aa077972ba4768d40c830d9539fd45bf4cd3f8f6992efc"
            ],
            "markers": "python_version >= '3.8'",
            "version": "==3.1.0"
        },
        "pygments": {
            "hashes": [
                "sha256:636cb2477cec7f8952536970bc533bc43743542f70392ae026374600add5b887",
                "sha256:86540386c03d588bb81d44bc3928634ff26449851e99741617ecb9037ee5ec0b"
            ],
            "markers": "python_version >= '3.8'",
            "version": "==2.19.2"
        },
        "pytest": {
            "hashes": [
                "sha256:539c70ba6fcead8e78eebbf1115e8b589e7565830d7d006a8723f19ac8a0afb7",
                "sha256:7c67fd69174877359ed9371ec3af8a3d2b04741818c51e5e99cc1742251fa93c"
            ],
            "index": "pypi",
            "markers": "python_version >= '3.9'",
            "version": "==8.4.1"
        },
        "pytest-cov": {
            "hashes": [
                "sha256:3904b13dfbfec47f003b8e77fd5b589cd11904a21ddf1ab38a64f204d6a10ef6",
                "sha256:6ba70b9e97e69fcc3fb45bfeab2d0a138fb65c4d0d6a41ef33983ad114be8c3a"
            ],
            "index": "pypi",
            "markers": "python_version >= '3.7'",
            "version": "==4.1.0"
        },
        "pyyaml": {
            "hashes": [
                "sha256:01179a4a8559ab5de078078f37e5c1a30d76bb88519906844fd7bdea1b7729ff",
                "sha256:0833f8694549e586547b576dcfaba4a6b55b9e96098b36cdc7ebefe667dfed48",
                "sha256:0a9a2848a5b7feac301353437eb7d5957887edbf81d56e903999a75a3d743086",
                "sha256:0b69e4ce7a131fe56b7e4d770c67429700908fc0752af059838b1cfb41960e4e",
                "sha256:0ffe8360bab4910ef1b9e87fb812d8bc0a308b0d0eef8c8f44e0254ab3b07133",
                "sha256:11d8f3dd2b9c1207dcaf2ee0bbbfd5991f571186ec9cc78427ba5bd32afae4b5",
                "sha256:17e311b6c678207928d649faa7cb0d7b4c26a0ba73d41e99c4fff6b6c3276484",
                "sha256:1e2120ef853f59c7419231f3bf4e7021f1b936f6ebd222406c3b60212205d2ee",
                "sha256:1f71ea527786de97d1a0cc0eacd1defc0985dcf6b3f17bb77dcfc8c34bec4dc5",
                "sha256:23502f431948090f597378482b4812b0caae32c22213aecf3b55325e049a6c68",
                "sha256:24471b829b3bf607e04e88d79542a9d48bb037c2267d7927a874e6c205ca7e9a",
                "sha256:29717114e51c84ddfba879543fb232a6ed60086602313ca38cce623c1d62cfbf",
                "sha256:2e99c6826ffa974fe6e27cdb5ed0021786b03fc98e5ee3c5bfe1fd5015f42b99",
                "sha256:39693e1f8320ae4f43943590b49779ffb98acb81f788220ea932a6b6c51004d8",
                "sha256:3ad2a3decf9aaba3d29c8f537ac4b243e36bef957511b4766cb0057d32b0be85",
                "sha256:3b1fdb9dc17f5a7677423d508ab4f243a726dea51fa5e70992e59a7411c89d19",
                "sha256:41e4e3953a79407c794916fa277a82531dd93aad34e29c2a514c2c0c5fe971cc",
                "sha256:43fa96a3ca0d6b1812e01ced1044a003533c47f6ee8aca31724f78e93ccc089a",
                "sha256:50187695423ffe49e2deacb8cd10510bc361faac997de9efef88badc3bb9e2d1",
                "sha256:5ac9328ec4831237bec75defaf839f7d4564be1e6b25ac710bd1a96321cc8317",
                "sha256:5d225db5a45f21e78dd9358e58a98702a0302f2659a3c6cd320564b75b86f47c",
                "sha256:6395c297d42274772abc367baaa79683958044e5d3835486c16da75d2a694631",
                "sha256:688ba32a1cffef67fd2e9398a2efebaea461578b0923624778664cc1c914db5d",
                "sha256:68ccc6023a3400877818152ad9a1033e3db8625d899c72eacb5a668902e4d652",
                "sha256:70b189594dbe54f75ab3a1acec5f1e3faa7e8cf2f1e08d9b561cb41b845f69d5",
                "sha256:797b4f722ffa07cc8d62053e4cff1486fa6dc094105d13fea7b1de7d8bf71c9e",
                "sha256:7c36280e6fb8385e520936c3cb3b8042851904eba0e58d277dca80a5cfed590b",
                "sha256:7e7401d0de89a9a855c839bc697c079a4af81cf878373abd7dc625847d25cbd8",
                "sha256:80bab7bfc629882493af4aa31a4cfa43a4c57c83813253626916b8c7ada83476",
                "sha256:82d09873e40955485746739bcb8b4586983670466c23382c19cffecbf1fd8706",
                "sha256:8388ee1976c416731879ac16da0aff3f63b286ffdd57cdeb95f3f2e085687563",
                "sha256:8824b5a04a04a047e72eea5cec3bc266db09e35de6bdfe34c9436ac5ee27d237",
                "sha256:8b9c7197f7cb2738065c481a0461e50ad02f18c78cd75775628afb4d7137fb3b",
                "sha256:9056c1ecd25795207ad294bcf39f2db3d845767be0ea6e6a34d856f006006083",
                "sha256:936d68689298c36b53b29f23c6dbb74de12b4ac12ca6cfe0e047bedceea56180",
                "sha256:9b22676e8097e9e22e36d6b7bda33190d0d400f345f23d4065d48f4ca7ae0425",
                "sha256:a4d3091415f010369ae4ed1fc6b79def9416358877534caf6a0fdd2146c87a3e",
                "sha256:a8786accb172bd8afb8be14490a16625cbc387036876ab6ba70912730faf8e1f",
                "sha256:a9f8c2e67970f13b16084e04f134610fd1d374bf477b17ec1599185cf611d725",
                "sha256:bc2fa7c6b47d6bc618dd7fb02ef6fdedb1090ec036abab80d4681424b84c1183",
                "sha256:c70c95198c015b85feafc136515252a261a84561b7b1d51e3384e0655ddf25ab",
                "sha256:cc1c1159b3d456576af7a3e4d1ba7e6924cb39de8f67111c735f6fc832082774",
                "sha256:ce826d6ef20b1bc864f0a68340c8b3287705cae2f8b4b1d932177dcc76721725",
                "sha256:d584d9ec91ad65861cc08d42e834324ef890a082e591037abe114850ff7bbc3e",
                "sha256:d7fded462629cfa4b685c5416b949ebad6cec74af5e2d42905d41e257e0869f5",
                "sha256:d84a1718ee396f54f3a086ea0a66d8e552b2ab2017ef8b420e92edbc841c352d",
                "sha256:d8e03406cac8513435335dbab54c0d385e4a49e4945d2909a581c83647ca0290",
                "sha256:e10ce637b18caea04431ce14fabcf5c64a1c61ec9c56b071a4b7ca131ca52d44",
                "sha256:ec031d5d2feb36d1d1a24380e4db6d43695f3748343d99434e6f5f9156aaa2ed",
                "sha256:ef6107725bd54b262d6dedcc2af448a266975032bc85ef0172c5f059da6325b4",
                "sha256:efdca5630322a10774e8e98e1af481aad470dd62c3170801852d752aa7a783ba",
                "sha256:f753120cb8181e736c57ef7636e83f31b9c0d1722c516f7e86cf15b7aa57ff12",
                "sha256:ff3824dc5261f50c9b0dfb3be22b4567a6f938ccce4587b38952d85fd9e9afe4"
            ],
            "markers": "python_version >= '3.8'",
            "version": "==6.0.2"
        },
        "types-setuptools": {
            "hashes": [
                "sha256:09efc380ad5c7f78e30bca1546f706469568cf26084cfab73ecf83dea1d28446",
                "sha256:d5b5ff568ea2474eb573dcb783def7dadfd9b1ff638bb653b3c7051ce5aeb6d1"
            ],
            "index": "pypi",
            "markers": "python_version >= '3.7'",
            "version": "==68.2.0.2"
        },
        "typing-extensions": {
            "hashes": [
                "sha256:38b39f4aeeab64884ce9f74c94263ef78f3c22467c8724005483154c26648d36",
                "sha256:d1e1e3b58374dc93031d6eda2420a48ea44a36c2b4766a4fdeb3710755731d76"
            ],
            "markers": "python_version >= '3.9'",
            "version": "==4.14.1"
        },
        "virtualenv": {
            "hashes": [
                "sha256:341f5afa7eee943e4984a9207c025feedd768baff6753cd660c857ceb3e36026",
                "sha256:44815b2c9dee7ed86e387b842a84f20b93f7f417f95886ca1996a72a4138eb1a"
            ],
            "markers": "python_version >= '3.8'",
            "version": "==20.34.0"
        }
    }
}
